
Microsoft Visual Studio Solution File, Format Version 12.00
# Visual Studio Version 17
VisualStudioVersion = 17.0.31903.59
MinimumVisualStudioVersion = 10.0.40219.1
Project("{2150E333-8FDC-42A3-9474-1A3956D46DE8}") = "src", "src", "{FF636320-ADF3-4BD3-82EB-A15FA0B0D570}"
EndProject
Project("{2150E333-8FDC-42A3-9474-1A3956D46DE8}") = "tests", "tests", "{E4DF6E1E-05B9-48FB-90AD-C3DE7952A9E5}"
EndProject
Project("{FAE04EC0-301F-11D3-BF4B-00C04F79EFBC}") = "MyMinimalApi.Tests", "tests\MyMinimalApi.Tests\MyMinimalApi.Tests.csproj", "{CE09A96F-645D-4450-A6A8-3A2658549E55}"
EndProject
Project("{FAE04EC0-301F-11D3-BF4B-00C04F79EFBC}") = "MyMinimaApi", "src\MyMinimaApi\MyMinimaApi.csproj", "{47EC7509-1F0D-44E7-8D93-047977F3DB21}"
EndProject
Global
	GlobalSection(SolutionConfigurationPlatforms) = preSolution
		Debug|Any CPU = Debug|Any CPU
		Release|Any CPU = Release|Any CPU
	EndGlobalSection
	GlobalSection(SolutionProperties) = preSolution
		HideSolutionNode = FALSE
	EndGlobalSection
	GlobalSection(ProjectConfigurationPlatforms) = postSolution
		{CE09A96F-645D-4450-A6A8-3A2658549E55}.Debug|Any CPU.ActiveCfg = Debug|Any CPU
		{CE09A96F-645D-4450-A6A8-3A2658549E55}.Debug|Any CPU.Build.0 = Debug|Any CPU
		{CE09A96F-645D-4450-A6A8-3A2658549E55}.Release|Any CPU.ActiveCfg = Release|Any CPU
		{CE09A96F-645D-4450-A6A8-3A2658549E55}.Release|Any CPU.Build.0 = Release|Any CPU
		{47EC7509-1F0D-44E7-8D93-047977F3DB21}.Debug|Any CPU.ActiveCfg = Debug|Any CPU
		{47EC7509-1F0D-44E7-8D93-047977F3DB21}.Debug|Any CPU.Build.0 = Debug|Any CPU
		{47EC7509-1F0D-44E7-8D93-047977F3DB21}.Release|Any CPU.ActiveCfg = Release|Any CPU
		{47EC7509-1F0D-44E7-8D93-047977F3DB21}.Release|Any CPU.Build.0 = Release|Any CPU
	EndGlobalSection
	GlobalSection(NestedProjects) = preSolution
		{CE09A96F-645D-4450-A6A8-3A2658549E55} = {E4DF6E1E-05B9-48FB-90AD-C3DE7952A9E5}
		{47EC7509-1F0D-44E7-8D93-047977F3DB21} = {FF636320-ADF3-4BD3-82EB-A15FA0B0D570}
	EndGlobalSection
EndGlobal
