
Microsoft Visual Studio Solution File, Format Version 12.00
# Visual Studio Version 17
VisualStudioVersion = 17.0.31903.59
MinimumVisualStudioVersion = 10.0.40219.1
Project("{2150E333-8FDC-42A3-9474-1A3956D46DE8}") = "src", "src", "{74580541-EB17-4DE7-8D2D-4B04493FA8CA}"
EndProject
Project("{FAE04EC0-301F-11D3-BF4B-00C04F79EFBC}") = "WebApi", "src\WebApi\WebApi.csproj", "{BB4D95B2-8BA1-498D-9F5D-BC4505213C6F}"
EndProject
Global
	GlobalSection(SolutionConfigurationPlatforms) = preSolution
		Debug|Any CPU = Debug|Any CPU
		Release|Any CPU = Release|Any CPU
	EndGlobalSection
	GlobalSection(SolutionProperties) = preSolution
		HideSolutionNode = FALSE
	EndGlobalSection
	GlobalSection(ProjectConfigurationPlatforms) = postSolution
		{BB4D95B2-8BA1-498D-9F5D-BC4505213C6F}.Debug|Any CPU.ActiveCfg = Debug|Any CPU
		{BB4D95B2-8BA1-498D-9F5D-BC4505213C6F}.Debug|Any CPU.Build.0 = Debug|Any CPU
		{BB4D95B2-8BA1-498D-9F5D-BC4505213C6F}.Release|Any CPU.ActiveCfg = Release|Any CPU
		{BB4D95B2-8BA1-498D-9F5D-BC4505213C6F}.Release|Any CPU.Build.0 = Release|Any CPU
	EndGlobalSection
	GlobalSection(NestedProjects) = preSolution
		{BB4D95B2-8BA1-498D-9F5D-BC4505213C6F} = {74580541-EB17-4DE7-8D2D-4B04493FA8CA}
	EndGlobalSection
EndGlobal
